{
  "version": 4,
  "terraform_version": "1.0.9",
  "serial": 24,
  "lineage": "c2cc9f17-6189-4dba-a0ed-55de25680d39",
  "outputs": {
    "public_ip_address_mysql": {
      "value": "104.211.21.178",
      "type": "string"
    },
    "public_ip_vm": {
      "value": "20.102.52.47",
      "type": "string"
    }
  },
  "resources": [
    {
      "mode": "data",
      "type": "azurerm_public_ip",
      "name": "ip_aula_data_db",
      "provider": "provider[\"registry.terraform.io/hashicorp/azurerm\"]",
      "instances": [
        {
          "schema_version": 0,
          "attributes": {
            "allocation_method": "Static",
            "domain_name_label": "",
            "fqdn": "",
            "id": "/subscriptions/8311a5ff-cfce-487d-a1d3-4e912bbe3572/resourceGroups/aula02/providers/Microsoft.Network/publicIPAddresses/aula02-pIPMySQL",
            "idle_timeout_in_minutes": 4,
            "ip_address": "104.211.21.178",
            "ip_tags": {},
            "ip_version": "IPv4",
            "location": "eastus",
            "name": "aula02-pIPMySQL",
            "resource_group_name": "aula02",
            "reverse_fqdn": "",
            "sku": "Basic",
            "tags": {},
            "timeouts": null,
            "zones": []
          },
          "sensitive_attributes": []
        }
      ]
    },
    {
      "mode": "managed",
      "type": "azurerm_linux_virtual_machine",
      "name": "vm-aula02MySQL",
      "provider": "provider[\"registry.terraform.io/hashicorp/azurerm\"]",
      "instances": [
        {
          "schema_version": 0,
          "attributes": {
            "additional_capabilities": [],
            "admin_password": "Password1234!",
            "admin_ssh_key": [],
            "admin_username": "testadmin",
            "allow_extension_operations": true,
            "availability_set_id": "",
            "boot_diagnostics": [
              {
                "storage_account_uri": "https://storagemysqlaula02.blob.core.windows.net/"
              }
            ],
            "computer_name": "vmMySQL",
            "custom_data": null,
            "dedicated_host_id": "",
            "disable_password_authentication": false,
            "encryption_at_host_enabled": false,
            "eviction_policy": "",
            "extensions_time_budget": "PT1H30M",
            "id": "/subscriptions/8311a5ff-cfce-487d-a1d3-4e912bbe3572/resourceGroups/aula02/providers/Microsoft.Compute/virtualMachines/aula02-MySQL",
            "identity": [],
            "license_type": "",
            "location": "eastus",
            "max_bid_price": -1,
            "name": "aula02-MySQL",
            "network_interface_ids": [
              "/subscriptions/8311a5ff-cfce-487d-a1d3-4e912bbe3572/resourceGroups/aula02/providers/Microsoft.Network/networkInterfaces/aula02-nicMySQL"
            ],
            "os_disk": [
              {
                "caching": "ReadWrite",
                "diff_disk_settings": [],
                "disk_encryption_set_id": "",
                "disk_size_gb": 30,
                "name": "myOsDiskMySQL",
                "storage_account_type": "Premium_LRS",
                "write_accelerator_enabled": false
              }
            ],
            "plan": [],
            "platform_fault_domain": -1,
            "priority": "Regular",
            "private_ip_address": "10.0.1.5",
            "private_ip_addresses": [
              "10.0.1.5"
            ],
            "provision_vm_agent": true,
            "proximity_placement_group_id": "",
            "public_ip_address": "104.211.21.178",
            "public_ip_addresses": [
              "104.211.21.178"
            ],
            "resource_group_name": "aula02",
            "secret": [],
            "size": "Standard_DS1_v2",
            "source_image_id": "",
            "source_image_reference": [
              {
                "offer": "UbuntuServer",
                "publisher": "Canonical",
                "sku": "18.04-LTS",
                "version": "latest"
              }
            ],
            "tags": null,
            "timeouts": null,
            "virtual_machine_id": "b09fafb7-6850-4f08-b059-36a0441098b0",
            "virtual_machine_scale_set_id": "",
            "zone": ""
          },
          "sensitive_attributes": [],
          "private": "eyJlMmJmYjczMC1lY2FhLTExZTYtOGY4OC0zNDM2M2JjN2M0YzAiOnsiY3JlYXRlIjoyNzAwMDAwMDAwMDAwLCJkZWxldGUiOjI3MDAwMDAwMDAwMDAsInJlYWQiOjMwMDAwMDAwMDAwMCwidXBkYXRlIjoyNzAwMDAwMDAwMDAwfX0=",
          "dependencies": [
            "azurerm_network_interface.nic-aula02MySQL",
            "azurerm_resource_group.aula02",
            "azurerm_storage_account.samysql"
          ]
        }
      ]
    },
    {
      "mode": "managed",
      "type": "azurerm_network_interface",
      "name": "nic-aula02",
      "provider": "provider[\"registry.terraform.io/hashicorp/azurerm\"]",
      "instances": [
        {
          "schema_version": 0,
          "attributes": {
            "applied_dns_servers": [],
            "dns_servers": [],
            "enable_accelerated_networking": false,
            "enable_ip_forwarding": false,
            "id": "/subscriptions/8311a5ff-cfce-487d-a1d3-4e912bbe3572/resourceGroups/aula02/providers/Microsoft.Network/networkInterfaces/aula02-nic",
            "internal_dns_name_label": "",
            "internal_domain_name_suffix": "5gvv0rnje4jujpqeupsuwyqusb.bx.internal.cloudapp.net",
            "ip_configuration": [
              {
                "name": "nic-aula02",
                "primary": true,
                "private_ip_address": "10.0.1.4",
                "private_ip_address_allocation": "Dynamic",
                "private_ip_address_version": "IPv4",
                "public_ip_address_id": "/subscriptions/8311a5ff-cfce-487d-a1d3-4e912bbe3572/resourceGroups/aula02/providers/Microsoft.Network/publicIPAddresses/aula02-PublicIP",
                "subnet_id": "/subscriptions/8311a5ff-cfce-487d-a1d3-4e912bbe3572/resourceGroups/aula02/providers/Microsoft.Network/virtualNetworks/aula02-VN1/subnets/aula02-SB1"
              }
            ],
            "location": "eastus",
            "mac_address": "00-22-48-22-79-E7",
            "name": "aula02-nic",
            "private_ip_address": "10.0.1.4",
            "private_ip_addresses": [
              "10.0.1.4"
            ],
            "resource_group_name": "aula02",
            "tags": {},
            "timeouts": null,
            "virtual_machine_id": "/subscriptions/8311a5ff-cfce-487d-a1d3-4e912bbe3572/resourceGroups/aula02/providers/Microsoft.Compute/virtualMachines/aula02-vm-principal"
          },
          "sensitive_attributes": [],
          "private": "eyJlMmJmYjczMC1lY2FhLTExZTYtOGY4OC0zNDM2M2JjN2M0YzAiOnsiY3JlYXRlIjoxODAwMDAwMDAwMDAwLCJkZWxldGUiOjE4MDAwMDAwMDAwMDAsInJlYWQiOjMwMDAwMDAwMDAwMCwidXBkYXRlIjoxODAwMDAwMDAwMDAwfX0=",
          "dependencies": [
            "azurerm_resource_group.aula02",
            "azurerm_subnet.sb-aula02",
            "azurerm_virtual_network.vn-aula02",
            "azurerm_public_ip.ip-aula02"
          ]
        }
      ]
    },
    {
      "mode": "managed",
      "type": "azurerm_network_interface",
      "name": "nic-aula02MySQL",
      "provider": "provider[\"registry.terraform.io/hashicorp/azurerm\"]",
      "instances": [
        {
          "schema_version": 0,
          "attributes": {
            "applied_dns_servers": [],
            "dns_servers": [],
            "enable_accelerated_networking": false,
            "enable_ip_forwarding": false,
            "id": "/subscriptions/8311a5ff-cfce-487d-a1d3-4e912bbe3572/resourceGroups/aula02/providers/Microsoft.Network/networkInterfaces/aula02-nicMySQL",
            "internal_dns_name_label": "",
            "internal_domain_name_suffix": "5gvv0rnje4jujpqeupsuwyqusb.bx.internal.cloudapp.net",
            "ip_configuration": [
              {
                "name": "myNicConfiguration",
                "primary": true,
                "private_ip_address": "10.0.1.5",
                "private_ip_address_allocation": "Dynamic",
                "private_ip_address_version": "IPv4",
                "public_ip_address_id": "/subscriptions/8311a5ff-cfce-487d-a1d3-4e912bbe3572/resourceGroups/aula02/providers/Microsoft.Network/publicIPAddresses/aula02-pIPMySQL",
                "subnet_id": "/subscriptions/8311a5ff-cfce-487d-a1d3-4e912bbe3572/resourceGroups/aula02/providers/Microsoft.Network/virtualNetworks/aula02-VN1/subnets/aula02-SB1"
              }
            ],
            "location": "eastus",
            "mac_address": "",
            "name": "aula02-nicMySQL",
            "private_ip_address": "10.0.1.5",
            "private_ip_addresses": [
              "10.0.1.5"
            ],
            "resource_group_name": "aula02",
            "tags": {},
            "timeouts": null,
            "virtual_machine_id": ""
          },
          "sensitive_attributes": [],
          "private": "eyJlMmJmYjczMC1lY2FhLTExZTYtOGY4OC0zNDM2M2JjN2M0YzAiOnsiY3JlYXRlIjoxODAwMDAwMDAwMDAwLCJkZWxldGUiOjE4MDAwMDAwMDAwMDAsInJlYWQiOjMwMDAwMDAwMDAwMCwidXBkYXRlIjoxODAwMDAwMDAwMDAwfX0=",
          "dependencies": [
            "azurerm_public_ip.publicipmysql",
            "azurerm_resource_group.aula02",
            "azurerm_subnet.sb-aula02",
            "azurerm_virtual_network.vn-aula02"
          ]
        }
      ]
    },
    {
      "mode": "managed",
      "type": "azurerm_network_interface_security_group_association",
      "name": "nisg-aula02",
      "provider": "provider[\"registry.terraform.io/hashicorp/azurerm\"]",
      "instances": [
        {
          "schema_version": 0,
          "attributes": {
            "id": "/subscriptions/8311a5ff-cfce-487d-a1d3-4e912bbe3572/resourceGroups/aula02/providers/Microsoft.Network/networkInterfaces/aula02-nic|/subscriptions/8311a5ff-cfce-487d-a1d3-4e912bbe3572/resourceGroups/aula02/providers/Microsoft.Network/networkSecurityGroups/aula02-SG1",
            "network_interface_id": "/subscriptions/8311a5ff-cfce-487d-a1d3-4e912bbe3572/resourceGroups/aula02/providers/Microsoft.Network/networkInterfaces/aula02-nic",
            "network_security_group_id": "/subscriptions/8311a5ff-cfce-487d-a1d3-4e912bbe3572/resourceGroups/aula02/providers/Microsoft.Network/networkSecurityGroups/aula02-SG1",
            "timeouts": null
          },
          "sensitive_attributes": [],
          "private": "eyJlMmJmYjczMC1lY2FhLTExZTYtOGY4OC0zNDM2M2JjN2M0YzAiOnsiY3JlYXRlIjoxODAwMDAwMDAwMDAwLCJkZWxldGUiOjE4MDAwMDAwMDAwMDAsInJlYWQiOjMwMDAwMDAwMDAwMCwidXBkYXRlIjoxODAwMDAwMDAwMDAwfX0=",
          "dependencies": [
            "azurerm_network_interface.nic-aula02",
            "azurerm_network_security_group.nsg-aula02",
            "azurerm_public_ip.ip-aula02",
            "azurerm_resource_group.aula02",
            "azurerm_subnet.sb-aula02",
            "azurerm_virtual_network.vn-aula02"
          ]
        }
      ]
    },
    {
      "mode": "managed",
      "type": "azurerm_network_interface_security_group_association",
      "name": "nisgaMysql",
      "provider": "provider[\"registry.terraform.io/hashicorp/azurerm\"]",
      "instances": [
        {
          "schema_version": 0,
          "attributes": {
            "id": "/subscriptions/8311a5ff-cfce-487d-a1d3-4e912bbe3572/resourceGroups/aula02/providers/Microsoft.Network/networkInterfaces/aula02-nicMySQL|/subscriptions/8311a5ff-cfce-487d-a1d3-4e912bbe3572/resourceGroups/aula02/providers/Microsoft.Network/networkSecurityGroups/aula02-NSGMySQL",
            "network_interface_id": "/subscriptions/8311a5ff-cfce-487d-a1d3-4e912bbe3572/resourceGroups/aula02/providers/Microsoft.Network/networkInterfaces/aula02-nicMySQL",
            "network_security_group_id": "/subscriptions/8311a5ff-cfce-487d-a1d3-4e912bbe3572/resourceGroups/aula02/providers/Microsoft.Network/networkSecurityGroups/aula02-NSGMySQL",
            "timeouts": null
          },
          "sensitive_attributes": [],
          "private": "eyJlMmJmYjczMC1lY2FhLTExZTYtOGY4OC0zNDM2M2JjN2M0YzAiOnsiY3JlYXRlIjoxODAwMDAwMDAwMDAwLCJkZWxldGUiOjE4MDAwMDAwMDAwMDAsInJlYWQiOjMwMDAwMDAwMDAwMCwidXBkYXRlIjoxODAwMDAwMDAwMDAwfX0=",
          "dependencies": [
            "azurerm_network_security_group.nsgmysql",
            "azurerm_public_ip.publicipmysql",
            "azurerm_resource_group.aula02",
            "azurerm_subnet.sb-aula02",
            "azurerm_virtual_network.vn-aula02",
            "azurerm_network_interface.nic-aula02MySQL"
          ]
        }
      ]
    },
    {
      "mode": "managed",
      "type": "azurerm_network_security_group",
      "name": "nsg-aula02",
      "provider": "provider[\"registry.terraform.io/hashicorp/azurerm\"]",
      "instances": [
        {
          "schema_version": 0,
          "attributes": {
            "id": "/subscriptions/8311a5ff-cfce-487d-a1d3-4e912bbe3572/resourceGroups/aula02/providers/Microsoft.Network/networkSecurityGroups/aula02-SG1",
            "location": "eastus",
            "name": "aula02-SG1",
            "resource_group_name": "aula02",
            "security_rule": [
              {
                "access": "Allow",
                "description": "",
                "destination_address_prefix": "*",
                "destination_address_prefixes": [],
                "destination_application_security_group_ids": [],
                "destination_port_range": "22",
                "destination_port_ranges": [],
                "direction": "Inbound",
                "name": "SSH",
                "priority": 100,
                "protocol": "Tcp",
                "source_address_prefix": "*",
                "source_address_prefixes": [],
                "source_application_security_group_ids": [],
                "source_port_range": "*",
                "source_port_ranges": []
              }
            ],
            "tags": {
              "environment": "Production"
            },
            "timeouts": null
          },
          "sensitive_attributes": [],
          "private": "eyJlMmJmYjczMC1lY2FhLTExZTYtOGY4OC0zNDM2M2JjN2M0YzAiOnsiY3JlYXRlIjoxODAwMDAwMDAwMDAwLCJkZWxldGUiOjE4MDAwMDAwMDAwMDAsInJlYWQiOjMwMDAwMDAwMDAwMCwidXBkYXRlIjoxODAwMDAwMDAwMDAwfX0=",
          "dependencies": [
            "azurerm_resource_group.aula02"
          ]
        }
      ]
    },
    {
      "mode": "managed",
      "type": "azurerm_network_security_group",
      "name": "nsgmysql",
      "provider": "provider[\"registry.terraform.io/hashicorp/azurerm\"]",
      "instances": [
        {
          "schema_version": 0,
          "attributes": {
            "id": "/subscriptions/8311a5ff-cfce-487d-a1d3-4e912bbe3572/resourceGroups/aula02/providers/Microsoft.Network/networkSecurityGroups/aula02-NSGMySQL",
            "location": "eastus",
            "name": "aula02-NSGMySQL",
            "resource_group_name": "aula02",
            "security_rule": [
              {
                "access": "Allow",
                "description": "",
                "destination_address_prefix": "*",
                "destination_address_prefixes": [],
                "destination_application_security_group_ids": [],
                "destination_port_range": "22",
                "destination_port_ranges": [],
                "direction": "Inbound",
                "name": "SSH",
                "priority": 1002,
                "protocol": "Tcp",
                "source_address_prefix": "*",
                "source_address_prefixes": [],
                "source_application_security_group_ids": [],
                "source_port_range": "*",
                "source_port_ranges": []
              },
              {
                "access": "Allow",
                "description": "",
                "destination_address_prefix": "*",
                "destination_address_prefixes": [],
                "destination_application_security_group_ids": [],
                "destination_port_range": "3306",
                "destination_port_ranges": [],
                "direction": "Inbound",
                "name": "mysql",
                "priority": 1001,
                "protocol": "Tcp",
                "source_address_prefix": "*",
                "source_address_prefixes": [],
                "source_application_security_group_ids": [],
                "source_port_range": "*",
                "source_port_ranges": []
              }
            ],
            "tags": {},
            "timeouts": null
          },
          "sensitive_attributes": [],
          "private": "eyJlMmJmYjczMC1lY2FhLTExZTYtOGY4OC0zNDM2M2JjN2M0YzAiOnsiY3JlYXRlIjoxODAwMDAwMDAwMDAwLCJkZWxldGUiOjE4MDAwMDAwMDAwMDAsInJlYWQiOjMwMDAwMDAwMDAwMCwidXBkYXRlIjoxODAwMDAwMDAwMDAwfX0=",
          "dependencies": [
            "azurerm_resource_group.aula02"
          ]
        }
      ]
    },
    {
      "mode": "managed",
      "type": "azurerm_public_ip",
      "name": "ip-aula02",
      "provider": "provider[\"registry.terraform.io/hashicorp/azurerm\"]",
      "instances": [
        {
          "schema_version": 0,
          "attributes": {
            "allocation_method": "Static",
            "availability_zone": "No-Zone",
            "domain_name_label": null,
            "fqdn": null,
            "id": "/subscriptions/8311a5ff-cfce-487d-a1d3-4e912bbe3572/resourceGroups/aula02/providers/Microsoft.Network/publicIPAddresses/aula02-PublicIP",
            "idle_timeout_in_minutes": 4,
            "ip_address": "20.102.52.47",
            "ip_tags": {},
            "ip_version": "IPv4",
            "location": "eastus",
            "name": "aula02-PublicIP",
            "public_ip_prefix_id": null,
            "resource_group_name": "aula02",
            "reverse_fqdn": null,
            "sku": "Basic",
            "sku_tier": "Regional",
            "tags": {
              "environment": "Production"
            },
            "timeouts": null,
            "zones": []
          },
          "sensitive_attributes": [],
          "private": "eyJlMmJmYjczMC1lY2FhLTExZTYtOGY4OC0zNDM2M2JjN2M0YzAiOnsiY3JlYXRlIjoxODAwMDAwMDAwMDAwLCJkZWxldGUiOjE4MDAwMDAwMDAwMDAsInJlYWQiOjMwMDAwMDAwMDAwMCwidXBkYXRlIjoxODAwMDAwMDAwMDAwfX0=",
          "dependencies": [
            "azurerm_resource_group.aula02"
          ]
        }
      ]
    },
    {
      "mode": "managed",
      "type": "azurerm_public_ip",
      "name": "publicipmysql",
      "provider": "provider[\"registry.terraform.io/hashicorp/azurerm\"]",
      "instances": [
        {
          "schema_version": 0,
          "attributes": {
            "allocation_method": "Static",
            "availability_zone": "No-Zone",
            "domain_name_label": null,
            "fqdn": null,
            "id": "/subscriptions/8311a5ff-cfce-487d-a1d3-4e912bbe3572/resourceGroups/aula02/providers/Microsoft.Network/publicIPAddresses/aula02-pIPMySQL",
            "idle_timeout_in_minutes": 4,
            "ip_address": "104.211.21.178",
            "ip_tags": {},
            "ip_version": "IPv4",
            "location": "eastus",
            "name": "aula02-pIPMySQL",
            "public_ip_prefix_id": null,
            "resource_group_name": "aula02",
            "reverse_fqdn": null,
            "sku": "Basic",
            "sku_tier": "Regional",
            "tags": {},
            "timeouts": null,
            "zones": []
          },
          "sensitive_attributes": [],
          "private": "eyJlMmJmYjczMC1lY2FhLTExZTYtOGY4OC0zNDM2M2JjN2M0YzAiOnsiY3JlYXRlIjoxODAwMDAwMDAwMDAwLCJkZWxldGUiOjE4MDAwMDAwMDAwMDAsInJlYWQiOjMwMDAwMDAwMDAwMCwidXBkYXRlIjoxODAwMDAwMDAwMDAwfX0=",
          "dependencies": [
            "azurerm_resource_group.aula02"
          ]
        }
      ]
    },
    {
      "mode": "managed",
      "type": "azurerm_resource_group",
      "name": "aula02",
      "provider": "provider[\"registry.terraform.io/hashicorp/azurerm\"]",
      "instances": [
        {
          "schema_version": 0,
          "attributes": {
            "id": "/subscriptions/8311a5ff-cfce-487d-a1d3-4e912bbe3572/resourceGroups/aula02",
            "location": "eastus",
            "name": "aula02",
            "tags": {},
            "timeouts": null
          },
          "sensitive_attributes": [],
          "private": "eyJlMmJmYjczMC1lY2FhLTExZTYtOGY4OC0zNDM2M2JjN2M0YzAiOnsiY3JlYXRlIjo1NDAwMDAwMDAwMDAwLCJkZWxldGUiOjU0MDAwMDAwMDAwMDAsInJlYWQiOjMwMDAwMDAwMDAwMCwidXBkYXRlIjo1NDAwMDAwMDAwMDAwfX0="
        }
      ]
    },
    {
      "mode": "managed",
      "type": "azurerm_storage_account",
      "name": "samysql",
      "provider": "provider[\"registry.terraform.io/hashicorp/azurerm\"]",
      "instances": [
        {
          "schema_version": 2,
          "attributes": {
            "access_tier": "Hot",
            "account_kind": "StorageV2",
            "account_replication_type": "LRS",
            "account_tier": "Standard",
            "allow_blob_public_access": false,
            "azure_files_authentication": [],
            "blob_properties": [
              {
                "change_feed_enabled": false,
                "container_delete_retention_policy": [],
                "cors_rule": [],
                "default_service_version": "",
                "delete_retention_policy": [],
                "last_access_time_enabled": false,
                "versioning_enabled": false
              }
            ],
            "custom_domain": [],
            "enable_https_traffic_only": true,
            "id": "/subscriptions/8311a5ff-cfce-487d-a1d3-4e912bbe3572/resourceGroups/aula02/providers/Microsoft.Storage/storageAccounts/storagemysqlaula02",
            "identity": [],
            "is_hns_enabled": false,
            "large_file_share_enabled": null,
            "location": "eastus",
            "min_tls_version": "TLS1_0",
            "name": "storagemysqlaula02",
            "network_rules": [
              {
                "bypass": [
                  "AzureServices"
                ],
                "default_action": "Allow",
                "ip_rules": [],
                "private_link_access": [],
                "virtual_network_subnet_ids": []
              }
            ],
            "nfsv3_enabled": false,
            "primary_access_key": "H55dfzw2S3SdnBAD0ngd+COmQ1ORmREs6vFMwHaZtt96oXMYiJbiGaMnYjPCWSj7atWBDFmRdErxySD+sR2fHg==",
            "primary_blob_connection_string": "DefaultEndpointsProtocol=https;BlobEndpoint=https://storagemysqlaula02.blob.core.windows.net/;AccountName=storagemysqlaula02;AccountKey=H55dfzw2S3SdnBAD0ngd+COmQ1ORmREs6vFMwHaZtt96oXMYiJbiGaMnYjPCWSj7atWBDFmRdErxySD+sR2fHg==",
            "primary_blob_endpoint": "https://storagemysqlaula02.blob.core.windows.net/",
            "primary_blob_host": "storagemysqlaula02.blob.core.windows.net",
            "primary_connection_string": "DefaultEndpointsProtocol=https;AccountName=storagemysqlaula02;AccountKey=H55dfzw2S3SdnBAD0ngd+COmQ1ORmREs6vFMwHaZtt96oXMYiJbiGaMnYjPCWSj7atWBDFmRdErxySD+sR2fHg==;EndpointSuffix=core.windows.net",
            "primary_dfs_endpoint": "https://storagemysqlaula02.dfs.core.windows.net/",
            "primary_dfs_host": "storagemysqlaula02.dfs.core.windows.net",
            "primary_file_endpoint": "https://storagemysqlaula02.file.core.windows.net/",
            "primary_file_host": "storagemysqlaula02.file.core.windows.net",
            "primary_location": "eastus",
            "primary_queue_endpoint": "https://storagemysqlaula02.queue.core.windows.net/",
            "primary_queue_host": "storagemysqlaula02.queue.core.windows.net",
            "primary_table_endpoint": "https://storagemysqlaula02.table.core.windows.net/",
            "primary_table_host": "storagemysqlaula02.table.core.windows.net",
            "primary_web_endpoint": "https://storagemysqlaula02.z13.web.core.windows.net/",
            "primary_web_host": "storagemysqlaula02.z13.web.core.windows.net",
            "queue_properties": [
              {
                "cors_rule": [],
                "hour_metrics": [
                  {
                    "enabled": true,
                    "include_apis": true,
                    "retention_policy_days": 7,
                    "version": "1.0"
                  }
                ],
                "logging": [
                  {
                    "delete": false,
                    "read": false,
                    "retention_policy_days": 0,
                    "version": "1.0",
                    "write": false
                  }
                ],
                "minute_metrics": [
                  {
                    "enabled": false,
                    "include_apis": false,
                    "retention_policy_days": 0,
                    "version": "1.0"
                  }
                ]
              }
            ],
            "resource_group_name": "aula02",
            "routing": [],
            "secondary_access_key": "9mCnN9TWRb9l+eNWPwvzRL1UfYTrTkwk8wU8+UGero3XU3dvKQtj03pv9hx+nPjtgyGGH8M8AczUTmw4Ph38BA==",
            "secondary_blob_connection_string": "",
            "secondary_blob_endpoint": null,
            "secondary_blob_host": null,
            "secondary_connection_string": "DefaultEndpointsProtocol=https;AccountName=storagemysqlaula02;AccountKey=9mCnN9TWRb9l+eNWPwvzRL1UfYTrTkwk8wU8+UGero3XU3dvKQtj03pv9hx+nPjtgyGGH8M8AczUTmw4Ph38BA==;EndpointSuffix=core.windows.net",
            "secondary_dfs_endpoint": null,
            "secondary_dfs_host": null,
            "secondary_file_endpoint": null,
            "secondary_file_host": null,
            "secondary_location": "",
            "secondary_queue_endpoint": null,
            "secondary_queue_host": null,
            "secondary_table_endpoint": null,
            "secondary_table_host": null,
            "secondary_web_endpoint": null,
            "secondary_web_host": null,
            "share_properties": [
              {
                "cors_rule": [],
                "retention_policy": [
                  {
                    "days": 7
                  }
                ],
                "smb": []
              }
            ],
            "shared_access_key_enabled": true,
            "static_website": [],
            "tags": null,
            "timeouts": null
          },
          "sensitive_attributes": [],
          "private": "eyJlMmJmYjczMC1lY2FhLTExZTYtOGY4OC0zNDM2M2JjN2M0YzAiOnsiY3JlYXRlIjozNjAwMDAwMDAwMDAwLCJkZWxldGUiOjM2MDAwMDAwMDAwMDAsInJlYWQiOjMwMDAwMDAwMDAwMCwidXBkYXRlIjozNjAwMDAwMDAwMDAwfSwic2NoZW1hX3ZlcnNpb24iOiIyIn0=",
          "dependencies": [
            "azurerm_resource_group.aula02"
          ]
        }
      ]
    },
    {
      "mode": "managed",
      "type": "azurerm_subnet",
      "name": "sb-aula02",
      "provider": "provider[\"registry.terraform.io/hashicorp/azurerm\"]",
      "instances": [
        {
          "schema_version": 0,
          "attributes": {
            "address_prefix": "10.0.1.0/24",
            "address_prefixes": [
              "10.0.1.0/24"
            ],
            "delegation": [],
            "enforce_private_link_endpoint_network_policies": false,
            "enforce_private_link_service_network_policies": false,
            "id": "/subscriptions/8311a5ff-cfce-487d-a1d3-4e912bbe3572/resourceGroups/aula02/providers/Microsoft.Network/virtualNetworks/aula02-VN1/subnets/aula02-SB1",
            "name": "aula02-SB1",
            "resource_group_name": "aula02",
            "service_endpoint_policy_ids": [],
            "service_endpoints": [],
            "timeouts": null,
            "virtual_network_name": "aula02-VN1"
          },
          "sensitive_attributes": [],
          "private": "eyJlMmJmYjczMC1lY2FhLTExZTYtOGY4OC0zNDM2M2JjN2M0YzAiOnsiY3JlYXRlIjoxODAwMDAwMDAwMDAwLCJkZWxldGUiOjE4MDAwMDAwMDAwMDAsInJlYWQiOjMwMDAwMDAwMDAwMCwidXBkYXRlIjoxODAwMDAwMDAwMDAwfX0=",
          "dependencies": [
            "azurerm_resource_group.aula02",
            "azurerm_virtual_network.vn-aula02"
          ]
        }
      ]
    },
    {
      "mode": "managed",
      "type": "azurerm_virtual_machine",
      "name": "vm-aula02",
      "provider": "provider[\"registry.terraform.io/hashicorp/azurerm\"]",
      "instances": [
        {
          "schema_version": 0,
          "attributes": {
            "additional_capabilities": [],
            "availability_set_id": null,
            "boot_diagnostics": [],
            "delete_data_disks_on_termination": false,
            "delete_os_disk_on_termination": false,
            "id": "/subscriptions/8311a5ff-cfce-487d-a1d3-4e912bbe3572/resourceGroups/aula02/providers/Microsoft.Compute/virtualMachines/aula02-vm-principal",
            "identity": [],
            "license_type": null,
            "location": "eastus",
            "name": "aula02-vm-principal",
            "network_interface_ids": [
              "/subscriptions/8311a5ff-cfce-487d-a1d3-4e912bbe3572/resourceGroups/aula02/providers/Microsoft.Network/networkInterfaces/aula02-nic"
            ],
            "os_profile": [
              {
                "admin_password": "",
                "admin_username": "testadmin",
                "computer_name": "VmPrincipal",
                "custom_data": ""
              }
            ],
            "os_profile_linux_config": [
              {
                "disable_password_authentication": false,
                "ssh_keys": []
              }
            ],
            "os_profile_secrets": [],
            "os_profile_windows_config": [],
            "plan": [],
            "primary_network_interface_id": null,
            "proximity_placement_group_id": null,
            "resource_group_name": "aula02",
            "storage_data_disk": [],
            "storage_image_reference": [
              {
                "id": "",
                "offer": "UbuntuServer",
                "publisher": "Canonical",
                "sku": "16.04-LTS",
                "version": "latest"
              }
            ],
            "storage_os_disk": [
              {
                "caching": "ReadWrite",
                "create_option": "FromImage",
                "disk_size_gb": 30,
                "image_uri": "",
                "managed_disk_id": "/subscriptions/8311a5ff-cfce-487d-a1d3-4e912bbe3572/resourceGroups/aula02/providers/Microsoft.Compute/disks/myosdisk1",
                "managed_disk_type": "Standard_LRS",
                "name": "myosdisk1",
                "os_type": "Linux",
                "vhd_uri": "",
                "write_accelerator_enabled": false
              }
            ],
            "tags": {
              "environment": "staging"
            },
            "timeouts": null,
            "vm_size": "Standard_DS1_v2",
            "zones": []
          },
          "sensitive_attributes": [],
          "private": "eyJlMmJmYjczMC1lY2FhLTExZTYtOGY4OC0zNDM2M2JjN2M0YzAiOnsiY3JlYXRlIjozNjAwMDAwMDAwMDAwLCJkZWxldGUiOjM2MDAwMDAwMDAwMDAsInJlYWQiOjMwMDAwMDAwMDAwMCwidXBkYXRlIjozNjAwMDAwMDAwMDAwfX0=",
          "dependencies": [
            "azurerm_network_interface.nic-aula02",
            "azurerm_public_ip.ip-aula02",
            "azurerm_resource_group.aula02",
            "azurerm_subnet.sb-aula02",
            "azurerm_virtual_network.vn-aula02"
          ]
        }
      ]
    },
    {
      "mode": "managed",
      "type": "azurerm_virtual_network",
      "name": "vn-aula02",
      "provider": "provider[\"registry.terraform.io/hashicorp/azurerm\"]",
      "instances": [
        {
          "schema_version": 0,
          "attributes": {
            "address_space": [
              "10.0.0.0/16"
            ],
            "bgp_community": "",
            "ddos_protection_plan": [],
            "dns_servers": [
              "10.0.0.4",
              "10.0.0.5"
            ],
            "guid": "455dabf9-27a9-4493-be04-a3e54b621491",
            "id": "/subscriptions/8311a5ff-cfce-487d-a1d3-4e912bbe3572/resourceGroups/aula02/providers/Microsoft.Network/virtualNetworks/aula02-VN1",
            "location": "eastus",
            "name": "aula02-VN1",
            "resource_group_name": "aula02",
            "subnet": [
              {
                "address_prefix": "10.0.1.0/24",
                "id": "/subscriptions/8311a5ff-cfce-487d-a1d3-4e912bbe3572/resourceGroups/aula02/providers/Microsoft.Network/virtualNetworks/aula02-VN1/subnets/aula02-SB1",
                "name": "aula02-SB1",
                "security_group": ""
              }
            ],
            "tags": {
              "environment": "Production",
              "turma": "es22"
            },
            "timeouts": null,
            "vm_protection_enabled": false
          },
          "sensitive_attributes": [],
          "private": "eyJlMmJmYjczMC1lY2FhLTExZTYtOGY4OC0zNDM2M2JjN2M0YzAiOnsiY3JlYXRlIjoxODAwMDAwMDAwMDAwLCJkZWxldGUiOjE4MDAwMDAwMDAwMDAsInJlYWQiOjMwMDAwMDAwMDAwMCwidXBkYXRlIjoxODAwMDAwMDAwMDAwfX0=",
          "dependencies": [
            "azurerm_resource_group.aula02"
          ]
        }
      ]
    },
    {
      "mode": "managed",
      "type": "time_sleep",
      "name": "wait_30_seconds_db",
      "provider": "provider[\"registry.terraform.io/hashicorp/time\"]",
      "instances": [
        {
          "schema_version": 0,
          "attributes": {
            "create_duration": "30s",
            "destroy_duration": null,
            "id": "2021-10-21T01:57:25Z",
            "triggers": null
          },
          "sensitive_attributes": [],
          "private": "bnVsbA==",
          "dependencies": [
            "azurerm_linux_virtual_machine.vm-aula02MySQL",
            "azurerm_network_interface.nic-aula02MySQL",
            "azurerm_resource_group.aula02",
            "azurerm_storage_account.samysql"
          ]
        }
      ]
    }
  ]
}
